// !$*UTF8*$!
{
	archiveVersion = 1;
	classes = {
	};
	objectVersion = 56;
	objects = {

/* Begin PBXBuildFile section */
		E103B7BE2CA3F810007BCB25 /* News Reader App UML.png in Resources */ = {isa = PBXBuildFile; fileRef = E103B7BD2CA3F810007BCB25 /* News Reader App UML.png */; };
		E103B7BF2CA3F810007BCB25 /* News Reader App UML.png in Resources */ = {isa = PBXBuildFile; fileRef = E103B7BD2CA3F810007BCB25 /* News Reader App UML.png */; };
		E103B7C02CA3F810007BCB25 /* News Reader App UML.png in Resources */ = {isa = PBXBuildFile; fileRef = E103B7BD2CA3F810007BCB25 /* News Reader App UML.png */; };
		E17A548C2CA0FA6B00C62762 /* NewsReaderApp.swift in Sources */ = {isa = PBXBuildFile; fileRef = E17A548B2CA0FA6B00C62762 /* NewsReaderApp.swift */; };
		E17A54922CA0FA6D00C62762 /* Assets.xcassets in Resources */ = {isa = PBXBuildFile; fileRef = E17A54912CA0FA6D00C62762 /* Assets.xcassets */; };
		E17A54952CA0FA6D00C62762 /* Preview Assets.xcassets in Resources */ = {isa = PBXBuildFile; fileRef = E17A54942CA0FA6D00C62762 /* Preview Assets.xcassets */; };
		E17A549F2CA0FA6E00C62762 /* NewsReaderTests.swift in Sources */ = {isa = PBXBuildFile; fileRef = E17A549E2CA0FA6E00C62762 /* NewsReaderTests.swift */; };
		E17A54A92CA0FA6E00C62762 /* NewsReaderUITests.swift in Sources */ = {isa = PBXBuildFile; fileRef = E17A54A82CA0FA6E00C62762 /* NewsReaderUITests.swift */; };
		E17A54AB2CA0FA6E00C62762 /* NewsReaderUITestsLaunchTests.swift in Sources */ = {isa = PBXBuildFile; fileRef = E17A54AA2CA0FA6E00C62762 /* NewsReaderUITestsLaunchTests.swift */; };
		E17A54B82CA0FAD800C62762 /* TabBarView.swift in Sources */ = {isa = PBXBuildFile; fileRef = E17A54B72CA0FAD800C62762 /* TabBarView.swift */; };
		E17A54B92CA0FAD800C62762 /* TabBarView.swift in Sources */ = {isa = PBXBuildFile; fileRef = E17A54B72CA0FAD800C62762 /* TabBarView.swift */; };
		E17A54BA2CA0FAD800C62762 /* TabBarView.swift in Sources */ = {isa = PBXBuildFile; fileRef = E17A54B72CA0FAD800C62762 /* TabBarView.swift */; };
		E17A54BC2CA0FCA200C62762 /* NewsFeedView.swift in Sources */ = {isa = PBXBuildFile; fileRef = E17A54BB2CA0FCA200C62762 /* NewsFeedView.swift */; };
		E17A54BD2CA0FCA200C62762 /* NewsFeedView.swift in Sources */ = {isa = PBXBuildFile; fileRef = E17A54BB2CA0FCA200C62762 /* NewsFeedView.swift */; };
		E17A54BE2CA0FCA200C62762 /* NewsFeedView.swift in Sources */ = {isa = PBXBuildFile; fileRef = E17A54BB2CA0FCA200C62762 /* NewsFeedView.swift */; };
		E182DBA52CA2B35F0044A051 /* Bookmark.png in Resources */ = {isa = PBXBuildFile; fileRef = E182DB9F2CA2B35F0044A051 /* Bookmark.png */; };
		E182DBA62CA2B35F0044A051 /* BookmarkDetail.png in Resources */ = {isa = PBXBuildFile; fileRef = E182DBA02CA2B35F0044A051 /* BookmarkDetail.png */; };
		E182DBA72CA2B35F0044A051 /* NewsDetail.png in Resources */ = {isa = PBXBuildFile; fileRef = E182DBA12CA2B35F0044A051 /* NewsDetail.png */; };
		E182DBA82CA2B35F0044A051 /* NewsFeed.png in Resources */ = {isa = PBXBuildFile; fileRef = E182DBA22CA2B35F0044A051 /* NewsFeed.png */; };
		E182DBA92CA2B35F0044A051 /* Safari.png in Resources */ = {isa = PBXBuildFile; fileRef = E182DBA32CA2B35F0044A051 /* Safari.png */; };
		E19FC86E2CA2CD75002DD3E3 /* Design Pattern MVVM.png in Resources */ = {isa = PBXBuildFile; fileRef = E19FC86D2CA2CD75002DD3E3 /* Design Pattern MVVM.png */; };
		E1BAD10F2CA0FEED007A6595 /* Localizable.xcstrings in Resources */ = {isa = PBXBuildFile; fileRef = E1BAD10E2CA0FEED007A6595 /* Localizable.xcstrings */; };
		E1BAD1102CA0FEED007A6595 /* Localizable.xcstrings in Resources */ = {isa = PBXBuildFile; fileRef = E1BAD10E2CA0FEED007A6595 /* Localizable.xcstrings */; };
		E1BAD1112CA0FEED007A6595 /* Localizable.xcstrings in Resources */ = {isa = PBXBuildFile; fileRef = E1BAD10E2CA0FEED007A6595 /* Localizable.xcstrings */; };
		E1BAD1142CA1028D007A6595 /* Date+Extension.swift in Sources */ = {isa = PBXBuildFile; fileRef = E1BAD1132CA1028D007A6595 /* Date+Extension.swift */; };
		E1BAD1152CA1028D007A6595 /* Date+Extension.swift in Sources */ = {isa = PBXBuildFile; fileRef = E1BAD1132CA1028D007A6595 /* Date+Extension.swift */; };
		E1BAD1162CA1028D007A6595 /* Date+Extension.swift in Sources */ = {isa = PBXBuildFile; fileRef = E1BAD1132CA1028D007A6595 /* Date+Extension.swift */; };
		E1BAD1192CA107DB007A6595 /* NewsReaderView.swift in Sources */ = {isa = PBXBuildFile; fileRef = E1BAD1182CA107DB007A6595 /* NewsReaderView.swift */; };
		E1BAD11A2CA107DB007A6595 /* NewsReaderView.swift in Sources */ = {isa = PBXBuildFile; fileRef = E1BAD1182CA107DB007A6595 /* NewsReaderView.swift */; };
		E1BAD11B2CA107DB007A6595 /* NewsReaderView.swift in Sources */ = {isa = PBXBuildFile; fileRef = E1BAD1182CA107DB007A6595 /* NewsReaderView.swift */; };
		E1BAD1212CA10E53007A6595 /* RectPreference.swift in Sources */ = {isa = PBXBuildFile; fileRef = E1BAD11C2CA10E53007A6595 /* RectPreference.swift */; };
		E1BAD1222CA10E53007A6595 /* RectPreference.swift in Sources */ = {isa = PBXBuildFile; fileRef = E1BAD11C2CA10E53007A6595 /* RectPreference.swift */; };
		E1BAD1232CA10E53007A6595 /* RectPreference.swift in Sources */ = {isa = PBXBuildFile; fileRef = E1BAD11C2CA10E53007A6595 /* RectPreference.swift */; };
		E1BAD1242CA10E53007A6595 /* SegmentedControlView.swift in Sources */ = {isa = PBXBuildFile; fileRef = E1BAD11D2CA10E53007A6595 /* SegmentedControlView.swift */; };
		E1BAD1252CA10E53007A6595 /* SegmentedControlView.swift in Sources */ = {isa = PBXBuildFile; fileRef = E1BAD11D2CA10E53007A6595 /* SegmentedControlView.swift */; };
		E1BAD1262CA10E53007A6595 /* SegmentedControlView.swift in Sources */ = {isa = PBXBuildFile; fileRef = E1BAD11D2CA10E53007A6595 /* SegmentedControlView.swift */; };
		E1BAD1272CA10E53007A6595 /* SliderMethod.swift in Sources */ = {isa = PBXBuildFile; fileRef = E1BAD11E2CA10E53007A6595 /* SliderMethod.swift */; };
		E1BAD1282CA10E53007A6595 /* SliderMethod.swift in Sources */ = {isa = PBXBuildFile; fileRef = E1BAD11E2CA10E53007A6595 /* SliderMethod.swift */; };
		E1BAD1292CA10E53007A6595 /* SliderMethod.swift in Sources */ = {isa = PBXBuildFile; fileRef = E1BAD11E2CA10E53007A6595 /* SliderMethod.swift */; };
		E1BAD12A2CA10E53007A6595 /* UnderlineModifier.swift in Sources */ = {isa = PBXBuildFile; fileRef = E1BAD11F2CA10E53007A6595 /* UnderlineModifier.swift */; };
		E1BAD12B2CA10E53007A6595 /* UnderlineModifier.swift in Sources */ = {isa = PBXBuildFile; fileRef = E1BAD11F2CA10E53007A6595 /* UnderlineModifier.swift */; };
		E1BAD12C2CA10E53007A6595 /* UnderlineModifier.swift in Sources */ = {isa = PBXBuildFile; fileRef = E1BAD11F2CA10E53007A6595 /* UnderlineModifier.swift */; };
		E1BAD12F2CA1162F007A6595 /* EndpointProtocol.swift in Sources */ = {isa = PBXBuildFile; fileRef = E1BAD12E2CA1162F007A6595 /* EndpointProtocol.swift */; };
		E1BAD1302CA1162F007A6595 /* EndpointProtocol.swift in Sources */ = {isa = PBXBuildFile; fileRef = E1BAD12E2CA1162F007A6595 /* EndpointProtocol.swift */; };
		E1BAD1312CA1162F007A6595 /* EndpointProtocol.swift in Sources */ = {isa = PBXBuildFile; fileRef = E1BAD12E2CA1162F007A6595 /* EndpointProtocol.swift */; };
		E1BAD1332CA1168A007A6595 /* NewsFeedEndpoint.swift in Sources */ = {isa = PBXBuildFile; fileRef = E1BAD1322CA1168A007A6595 /* NewsFeedEndpoint.swift */; };
		E1BAD1342CA1168A007A6595 /* NewsFeedEndpoint.swift in Sources */ = {isa = PBXBuildFile; fileRef = E1BAD1322CA1168A007A6595 /* NewsFeedEndpoint.swift */; };
		E1BAD1352CA1168A007A6595 /* NewsFeedEndpoint.swift in Sources */ = {isa = PBXBuildFile; fileRef = E1BAD1322CA1168A007A6595 /* NewsFeedEndpoint.swift */; };
		E1BAD1372CA11854007A6595 /* Network.swift in Sources */ = {isa = PBXBuildFile; fileRef = E1BAD1362CA11854007A6595 /* Network.swift */; };
		E1BAD1382CA11854007A6595 /* Network.swift in Sources */ = {isa = PBXBuildFile; fileRef = E1BAD1362CA11854007A6595 /* Network.swift */; };
		E1BAD1392CA11854007A6595 /* Network.swift in Sources */ = {isa = PBXBuildFile; fileRef = E1BAD1362CA11854007A6595 /* Network.swift */; };
		E1BAD13B2CA11885007A6595 /* Constants.swift in Sources */ = {isa = PBXBuildFile; fileRef = E1BAD13A2CA11885007A6595 /* Constants.swift */; };
		E1BAD13C2CA11885007A6595 /* Constants.swift in Sources */ = {isa = PBXBuildFile; fileRef = E1BAD13A2CA11885007A6595 /* Constants.swift */; };
		E1BAD13D2CA11885007A6595 /* Constants.swift in Sources */ = {isa = PBXBuildFile; fileRef = E1BAD13A2CA11885007A6595 /* Constants.swift */; };
		E1BAD13F2CA11ABB007A6595 /* APIResponse.swift in Sources */ = {isa = PBXBuildFile; fileRef = E1BAD13E2CA11ABB007A6595 /* APIResponse.swift */; };
		E1BAD1402CA11ABB007A6595 /* APIResponse.swift in Sources */ = {isa = PBXBuildFile; fileRef = E1BAD13E2CA11ABB007A6595 /* APIResponse.swift */; };
		E1BAD1412CA11ABB007A6595 /* APIResponse.swift in Sources */ = {isa = PBXBuildFile; fileRef = E1BAD13E2CA11ABB007A6595 /* APIResponse.swift */; };
		E1BAD1432CA11B58007A6595 /* String+Extension.swift in Sources */ = {isa = PBXBuildFile; fileRef = E1BAD1422CA11B58007A6595 /* String+Extension.swift */; };
		E1BAD1442CA11B58007A6595 /* String+Extension.swift in Sources */ = {isa = PBXBuildFile; fileRef = E1BAD1422CA11B58007A6595 /* String+Extension.swift */; };
		E1BAD1452CA11B58007A6595 /* String+Extension.swift in Sources */ = {isa = PBXBuildFile; fileRef = E1BAD1422CA11B58007A6595 /* String+Extension.swift */; };
		E1BAD1472CA144F4007A6595 /* NewsFeed.swift in Sources */ = {isa = PBXBuildFile; fileRef = E1BAD1462CA144F4007A6595 /* NewsFeed.swift */; };
		E1BAD1482CA144F4007A6595 /* NewsFeed.swift in Sources */ = {isa = PBXBuildFile; fileRef = E1BAD1462CA144F4007A6595 /* NewsFeed.swift */; };
		E1BAD1492CA144F4007A6595 /* NewsFeed.swift in Sources */ = {isa = PBXBuildFile; fileRef = E1BAD1462CA144F4007A6595 /* NewsFeed.swift */; };
		E1BAD14F2CA150DB007A6595 /* Sample.json in Resources */ = {isa = PBXBuildFile; fileRef = E1BAD14E2CA150DB007A6595 /* Sample.json */; };
		E1BAD1502CA150DB007A6595 /* Sample.json in Resources */ = {isa = PBXBuildFile; fileRef = E1BAD14E2CA150DB007A6595 /* Sample.json */; };
		E1BAD1512CA150DB007A6595 /* Sample.json in Resources */ = {isa = PBXBuildFile; fileRef = E1BAD14E2CA150DB007A6595 /* Sample.json */; };
		E1BAD1532CA15DC8007A6595 /* Button+Extension.swift in Sources */ = {isa = PBXBuildFile; fileRef = E1BAD1522CA15DC8007A6595 /* Button+Extension.swift */; };
		E1BAD1542CA15DC8007A6595 /* Button+Extension.swift in Sources */ = {isa = PBXBuildFile; fileRef = E1BAD1522CA15DC8007A6595 /* Button+Extension.swift */; };
		E1BAD1552CA15DC8007A6595 /* Button+Extension.swift in Sources */ = {isa = PBXBuildFile; fileRef = E1BAD1522CA15DC8007A6595 /* Button+Extension.swift */; };
		E1BAD1582CA16043007A6595 /* SafariView.swift in Sources */ = {isa = PBXBuildFile; fileRef = E1BAD1572CA16043007A6595 /* SafariView.swift */; };
		E1BAD1592CA16043007A6595 /* SafariView.swift in Sources */ = {isa = PBXBuildFile; fileRef = E1BAD1572CA16043007A6595 /* SafariView.swift */; };
		E1BAD15A2CA16043007A6595 /* SafariView.swift in Sources */ = {isa = PBXBuildFile; fileRef = E1BAD1572CA16043007A6595 /* SafariView.swift */; };
		E1CD0F922CA172F300B69C05 /* BookmarkArticlesView.swift in Sources */ = {isa = PBXBuildFile; fileRef = E1CD0F912CA172F300B69C05 /* BookmarkArticlesView.swift */; };
		E1CD0F932CA172F300B69C05 /* BookmarkArticlesView.swift in Sources */ = {isa = PBXBuildFile; fileRef = E1CD0F912CA172F300B69C05 /* BookmarkArticlesView.swift */; };
		E1CD0F942CA172F300B69C05 /* BookmarkArticlesView.swift in Sources */ = {isa = PBXBuildFile; fileRef = E1CD0F912CA172F300B69C05 /* BookmarkArticlesView.swift */; };
		E1CD0F962CA1735F00B69C05 /* BookmarkArticle.swift in Sources */ = {isa = PBXBuildFile; fileRef = E1CD0F952CA1735F00B69C05 /* BookmarkArticle.swift */; };
		E1CD0F972CA1735F00B69C05 /* BookmarkArticle.swift in Sources */ = {isa = PBXBuildFile; fileRef = E1CD0F952CA1735F00B69C05 /* BookmarkArticle.swift */; };
		E1CD0F982CA1735F00B69C05 /* BookmarkArticle.swift in Sources */ = {isa = PBXBuildFile; fileRef = E1CD0F952CA1735F00B69C05 /* BookmarkArticle.swift */; };
		E1CD0F9A2CA19AF100B69C05 /* NewsFeedCell.swift in Sources */ = {isa = PBXBuildFile; fileRef = E1CD0F992CA19AF100B69C05 /* NewsFeedCell.swift */; };
		E1CD0F9B2CA19AF100B69C05 /* NewsFeedCell.swift in Sources */ = {isa = PBXBuildFile; fileRef = E1CD0F992CA19AF100B69C05 /* NewsFeedCell.swift */; };
		E1CD0F9C2CA19AF100B69C05 /* NewsFeedCell.swift in Sources */ = {isa = PBXBuildFile; fileRef = E1CD0F992CA19AF100B69C05 /* NewsFeedCell.swift */; };
		E1CD0F9F2CA1B1F100B69C05 /* AlertToast in Frameworks */ = {isa = PBXBuildFile; productRef = E1CD0F9E2CA1B1F100B69C05 /* AlertToast */; };
		E1CD0FA12CA1B34200B69C05 /* View+Extension.swift in Sources */ = {isa = PBXBuildFile; fileRef = E1CD0FA02CA1B34200B69C05 /* View+Extension.swift */; };
		E1CD0FA22CA1B34200B69C05 /* View+Extension.swift in Sources */ = {isa = PBXBuildFile; fileRef = E1CD0FA02CA1B34200B69C05 /* View+Extension.swift */; };
		E1CD0FA32CA1B34200B69C05 /* View+Extension.swift in Sources */ = {isa = PBXBuildFile; fileRef = E1CD0FA02CA1B34200B69C05 /* View+Extension.swift */; };
		E1CD0FA62CA1CD2D00B69C05 /* AlertToast in Frameworks */ = {isa = PBXBuildFile; productRef = E1CD0FA52CA1CD2D00B69C05 /* AlertToast */; };
		E1CD0FA82CA1CD3300B69C05 /* AlertToast in Frameworks */ = {isa = PBXBuildFile; productRef = E1CD0FA72CA1CD3300B69C05 /* AlertToast */; };
/* End PBXBuildFile section */

/* Begin PBXContainerItemProxy section */
		E17A549B2CA0FA6E00C62762 /* PBXContainerItemProxy */ = {
			isa = PBXContainerItemProxy;
			containerPortal = E17A54802CA0FA6B00C62762 /* Project object */;
			proxyType = 1;
			remoteGlobalIDString = E17A54872CA0FA6B00C62762;
			remoteInfo = NewsReader;
		};
		E17A54A52CA0FA6E00C62762 /* PBXContainerItemProxy */ = {
			isa = PBXContainerItemProxy;
			containerPortal = E17A54802CA0FA6B00C62762 /* Project object */;
			proxyType = 1;
			remoteGlobalIDString = E17A54872CA0FA6B00C62762;
			remoteInfo = NewsReader;
		};
/* End PBXContainerItemProxy section */

/* Begin PBXFileReference section */
		E103B7BD2CA3F810007BCB25 /* News Reader App UML.png */ = {isa = PBXFileReference; lastKnownFileType = image.png; path = "News Reader App UML.png"; sourceTree = "<group>"; };
		E17A54882CA0FA6B00C62762 /* NewsReader.app */ = {isa = PBXFileReference; explicitFileType = wrapper.application; includeInIndex = 0; path = NewsReader.app; sourceTree = BUILT_PRODUCTS_DIR; };
		E17A548B2CA0FA6B00C62762 /* NewsReaderApp.swift */ = {isa = PBXFileReference; lastKnownFileType = sourcecode.swift; path = NewsReaderApp.swift; sourceTree = "<group>"; };
		E17A54912CA0FA6D00C62762 /* Assets.xcassets */ = {isa = PBXFileReference; lastKnownFileType = folder.assetcatalog; path = Assets.xcassets; sourceTree = "<group>"; };
		E17A54942CA0FA6D00C62762 /* Preview Assets.xcassets */ = {isa = PBXFileReference; lastKnownFileType = folder.assetcatalog; path = "Preview Assets.xcassets"; sourceTree = "<group>"; };
		E17A549A2CA0FA6E00C62762 /* NewsReaderTests.xctest */ = {isa = PBXFileReference; explicitFileType = wrapper.cfbundle; includeInIndex = 0; path = NewsReaderTests.xctest; sourceTree = BUILT_PRODUCTS_DIR; };
		E17A549E2CA0FA6E00C62762 /* NewsReaderTests.swift */ = {isa = PBXFileReference; lastKnownFileType = sourcecode.swift; path = NewsReaderTests.swift; sourceTree = "<group>"; };
		E17A54A42CA0FA6E00C62762 /* NewsReaderUITests.xctest */ = {isa = PBXFileReference; explicitFileType = wrapper.cfbundle; includeInIndex = 0; path = NewsReaderUITests.xctest; sourceTree = BUILT_PRODUCTS_DIR; };
		E17A54A82CA0FA6E00C62762 /* NewsReaderUITests.swift */ = {isa = PBXFileReference; lastKnownFileType = sourcecode.swift; path = NewsReaderUITests.swift; sourceTree = "<group>"; };
		E17A54AA2CA0FA6E00C62762 /* NewsReaderUITestsLaunchTests.swift */ = {isa = PBXFileReference; lastKnownFileType = sourcecode.swift; path = NewsReaderUITestsLaunchTests.swift; sourceTree = "<group>"; };
		E17A54B72CA0FAD800C62762 /* TabBarView.swift */ = {isa = PBXFileReference; lastKnownFileType = sourcecode.swift; path = TabBarView.swift; sourceTree = "<group>"; };
		E17A54BB2CA0FCA200C62762 /* NewsFeedView.swift */ = {isa = PBXFileReference; lastKnownFileType = sourcecode.swift; path = NewsFeedView.swift; sourceTree = "<group>"; };
		E182DB9F2CA2B35F0044A051 /* Bookmark.png */ = {isa = PBXFileReference; lastKnownFileType = image.png; path = Bookmark.png; sourceTree = "<group>"; };
		E182DBA02CA2B35F0044A051 /* BookmarkDetail.png */ = {isa = PBXFileReference; lastKnownFileType = image.png; path = BookmarkDetail.png; sourceTree = "<group>"; };
		E182DBA12CA2B35F0044A051 /* NewsDetail.png */ = {isa = PBXFileReference; lastKnownFileType = image.png; path = NewsDetail.png; sourceTree = "<group>"; };
		E182DBA22CA2B35F0044A051 /* NewsFeed.png */ = {isa = PBXFileReference; lastKnownFileType = image.png; path = NewsFeed.png; sourceTree = "<group>"; };
		E182DBA32CA2B35F0044A051 /* Safari.png */ = {isa = PBXFileReference; lastKnownFileType = image.png; path = Safari.png; sourceTree = "<group>"; };
		E19FC86D2CA2CD75002DD3E3 /* Design Pattern MVVM.png */ = {isa = PBXFileReference; lastKnownFileType = image.png; path = "Design Pattern MVVM.png"; sourceTree = "<group>"; };
		E1BAD10E2CA0FEED007A6595 /* Localizable.xcstrings */ = {isa = PBXFileReference; lastKnownFileType = text.json.xcstrings; path = Localizable.xcstrings; sourceTree = "<group>"; };
		E1BAD1132CA1028D007A6595 /* Date+Extension.swift */ = {isa = PBXFileReference; lastKnownFileType = sourcecode.swift; path = "Date+Extension.swift"; sourceTree = "<group>"; };
		E1BAD1182CA107DB007A6595 /* NewsReaderView.swift */ = {isa = PBXFileReference; lastKnownFileType = sourcecode.swift; path = NewsReaderView.swift; sourceTree = "<group>"; };
		E1BAD11C2CA10E53007A6595 /* RectPreference.swift */ = {isa = PBXFileReference; fileEncoding = 4; lastKnownFileType = sourcecode.swift; path = RectPreference.swift; sourceTree = "<group>"; };
		E1BAD11D2CA10E53007A6595 /* SegmentedControlView.swift */ = {isa = PBXFileReference; fileEncoding = 4; lastKnownFileType = sourcecode.swift; path = SegmentedControlView.swift; sourceTree = "<group>"; };
		E1BAD11E2CA10E53007A6595 /* SliderMethod.swift */ = {isa = PBXFileReference; fileEncoding = 4; lastKnownFileType = sourcecode.swift; path = SliderMethod.swift; sourceTree = "<group>"; };
		E1BAD11F2CA10E53007A6595 /* UnderlineModifier.swift */ = {isa = PBXFileReference; fileEncoding = 4; lastKnownFileType = sourcecode.swift; path = UnderlineModifier.swift; sourceTree = "<group>"; };
		E1BAD12E2CA1162F007A6595 /* EndpointProtocol.swift */ = {isa = PBXFileReference; lastKnownFileType = sourcecode.swift; path = EndpointProtocol.swift; sourceTree = "<group>"; };
		E1BAD1322CA1168A007A6595 /* NewsFeedEndpoint.swift */ = {isa = PBXFileReference; lastKnownFileType = sourcecode.swift; path = NewsFeedEndpoint.swift; sourceTree = "<group>"; };
		E1BAD1362CA11854007A6595 /* Network.swift */ = {isa = PBXFileReference; lastKnownFileType = sourcecode.swift; path = Network.swift; sourceTree = "<group>"; };
		E1BAD13A2CA11885007A6595 /* Constants.swift */ = {isa = PBXFileReference; lastKnownFileType = sourcecode.swift; path = Constants.swift; sourceTree = "<group>"; };
		E1BAD13E2CA11ABB007A6595 /* APIResponse.swift */ = {isa = PBXFileReference; lastKnownFileType = sourcecode.swift; path = APIResponse.swift; sourceTree = "<group>"; };
		E1BAD1422CA11B58007A6595 /* String+Extension.swift */ = {isa = PBXFileReference; lastKnownFileType = sourcecode.swift; path = "String+Extension.swift"; sourceTree = "<group>"; };
		E1BAD1462CA144F4007A6595 /* NewsFeed.swift */ = {isa = PBXFileReference; lastKnownFileType = sourcecode.swift; path = NewsFeed.swift; sourceTree = "<group>"; };
		E1BAD14E2CA150DB007A6595 /* Sample.json */ = {isa = PBXFileReference; fileEncoding = 4; lastKnownFileType = text.json; path = Sample.json; sourceTree = "<group>"; };
		E1BAD1522CA15DC8007A6595 /* Button+Extension.swift */ = {isa = PBXFileReference; lastKnownFileType = sourcecode.swift; path = "Button+Extension.swift"; sourceTree = "<group>"; };
		E1BAD1572CA16043007A6595 /* SafariView.swift */ = {isa = PBXFileReference; lastKnownFileType = sourcecode.swift; path = SafariView.swift; sourceTree = "<group>"; };
		E1CD0F912CA172F300B69C05 /* BookmarkArticlesView.swift */ = {isa = PBXFileReference; lastKnownFileType = sourcecode.swift; path = BookmarkArticlesView.swift; sourceTree = "<group>"; };
		E1CD0F952CA1735F00B69C05 /* BookmarkArticle.swift */ = {isa = PBXFileReference; lastKnownFileType = sourcecode.swift; path = BookmarkArticle.swift; sourceTree = "<group>"; };
		E1CD0F992CA19AF100B69C05 /* NewsFeedCell.swift */ = {isa = PBXFileReference; lastKnownFileType = sourcecode.swift; path = NewsFeedCell.swift; sourceTree = "<group>"; };
		E1CD0FA02CA1B34200B69C05 /* View+Extension.swift */ = {isa = PBXFileReference; lastKnownFileType = sourcecode.swift; path = "View+Extension.swift"; sourceTree = "<group>"; };
/* End PBXFileReference section */

/* Begin PBXFrameworksBuildPhase section */
		E17A54852CA0FA6B00C62762 /* Frameworks */ = {
			isa = PBXFrameworksBuildPhase;
			buildActionMask = 2147483647;
			files = (
				E1CD0F9F2CA1B1F100B69C05 /* AlertToast in Frameworks */,
			);
			runOnlyForDeploymentPostprocessing = 0;
		};
		E17A54972CA0FA6E00C62762 /* Frameworks */ = {
			isa = PBXFrameworksBuildPhase;
			buildActionMask = 2147483647;
			files = (
				E1CD0FA62CA1CD2D00B69C05 /* AlertToast in Frameworks */,
			);
			runOnlyForDeploymentPostprocessing = 0;
		};
		E17A54A12CA0FA6E00C62762 /* Frameworks */ = {
			isa = PBXFrameworksBuildPhase;
			buildActionMask = 2147483647;
			files = (
				E1CD0FA82CA1CD3300B69C05 /* AlertToast in Frameworks */,
			);
			runOnlyForDeploymentPostprocessing = 0;
		};
/* End PBXFrameworksBuildPhase section */

/* Begin PBXGroup section */
		E17A547F2CA0FA6B00C62762 = {
			isa = PBXGroup;
			children = (
				E17A548A2CA0FA6B00C62762 /* NewsReader */,
				E17A549D2CA0FA6E00C62762 /* NewsReaderTests */,
				E17A54A72CA0FA6E00C62762 /* NewsReaderUITests */,
				E17A54892CA0FA6B00C62762 /* Products */,
				E1CD0FA42CA1CD2D00B69C05 /* Frameworks */,
			);
			sourceTree = "<group>";
		};
		E17A54892CA0FA6B00C62762 /* Products */ = {
			isa = PBXGroup;
			children = (
				E17A54882CA0FA6B00C62762 /* NewsReader.app */,
				E17A549A2CA0FA6E00C62762 /* NewsReaderTests.xctest */,
				E17A54A42CA0FA6E00C62762 /* NewsReaderUITests.xctest */,
			);
			name = Products;
			sourceTree = "<group>";
		};
		E17A548A2CA0FA6B00C62762 /* NewsReader */ = {
			isa = PBXGroup;
			children = (
				E1BAD1122CA1027B007A6595 /* Utility */,
				E1BAD10B2CA0FEB7007A6595 /* Main */,
				E1BAD10C2CA0FEC3007A6595 /* Tab Bar View */,
				E17A54912CA0FA6D00C62762 /* Assets.xcassets */,
				E19FC86C2CA2CD60002DD3E3 /* Design Pattern */,
				E182DBA42CA2B35F0044A051 /* Screenshots */,
				E17A54932CA0FA6D00C62762 /* Preview Content */,
				E1BAD10E2CA0FEED007A6595 /* Localizable.xcstrings */,
			);
			path = NewsReader;
			sourceTree = "<group>";
		};
		E17A54932CA0FA6D00C62762 /* Preview Content */ = {
			isa = PBXGroup;
			children = (
				E17A54942CA0FA6D00C62762 /* Preview Assets.xcassets */,
			);
			path = "Preview Content";
			sourceTree = "<group>";
		};
		E17A549D2CA0FA6E00C62762 /* NewsReaderTests */ = {
			isa = PBXGroup;
			children = (
				E17A549E2CA0FA6E00C62762 /* NewsReaderTests.swift */,
			);
			path = NewsReaderTests;
			sourceTree = "<group>";
		};
		E17A54A72CA0FA6E00C62762 /* NewsReaderUITests */ = {
			isa = PBXGroup;
			children = (
				E17A54A82CA0FA6E00C62762 /* NewsReaderUITests.swift */,
				E17A54AA2CA0FA6E00C62762 /* NewsReaderUITestsLaunchTests.swift */,
			);
			path = NewsReaderUITests;
			sourceTree = "<group>";
		};
		E182DBA42CA2B35F0044A051 /* Screenshots */ = {
			isa = PBXGroup;
			children = (
				E182DB9F2CA2B35F0044A051 /* Bookmark.png */,
				E182DBA02CA2B35F0044A051 /* BookmarkDetail.png */,
				E182DBA12CA2B35F0044A051 /* NewsDetail.png */,
				E182DBA22CA2B35F0044A051 /* NewsFeed.png */,
				E182DBA32CA2B35F0044A051 /* Safari.png */,
			);
			path = Screenshots;
			sourceTree = "<group>";
		};
		E19FC86C2CA2CD60002DD3E3 /* Design Pattern */ = {
			isa = PBXGroup;
			children = (
				E19FC86D2CA2CD75002DD3E3 /* Design Pattern MVVM.png */,
				E103B7BD2CA3F810007BCB25 /* News Reader App UML.png */,
			);
			path = "Design Pattern";
			sourceTree = "<group>";
		};
		E1BAD10B2CA0FEB7007A6595 /* Main */ = {
			isa = PBXGroup;
			children = (
				E17A548B2CA0FA6B00C62762 /* NewsReaderApp.swift */,
			);
			path = Main;
			sourceTree = "<group>";
		};
		E1BAD10C2CA0FEC3007A6595 /* Tab Bar View */ = {
			isa = PBXGroup;
			children = (
				E1CD0F902CA172D000B69C05 /* Bookmark Article View */,
				E17A54B72CA0FAD800C62762 /* TabBarView.swift */,
				E1BAD10D2CA0FED6007A6595 /* News Feed */,
				E1BAD1172CA107A4007A6595 /* News Description */,
				E1BAD1562CA1602F007A6595 /* WebView */,
			);
			path = "Tab Bar View";
			sourceTree = "<group>";
		};
		E1BAD10D2CA0FED6007A6595 /* News Feed */ = {
			isa = PBXGroup;
			children = (
				E17A54BB2CA0FCA200C62762 /* NewsFeedView.swift */,
				E1CD0F992CA19AF100B69C05 /* NewsFeedCell.swift */,
				E1BAD1462CA144F4007A6595 /* NewsFeed.swift */,
				E1BAD14E2CA150DB007A6595 /* Sample.json */,
			);
			path = "News Feed";
			sourceTree = "<group>";
		};
		E1BAD1122CA1027B007A6595 /* Utility */ = {
			isa = PBXGroup;
			children = (
				E1BAD12D2CA1161C007A6595 /* Network */,
				E1BAD1202CA10E53007A6595 /* Slider */,
				E1BAD1132CA1028D007A6595 /* Date+Extension.swift */,
				E1BAD1422CA11B58007A6595 /* String+Extension.swift */,
				E1BAD1522CA15DC8007A6595 /* Button+Extension.swift */,
				E1CD0FA02CA1B34200B69C05 /* View+Extension.swift */,
			);
			path = Utility;
			sourceTree = "<group>";
		};
		E1BAD1172CA107A4007A6595 /* News Description */ = {
			isa = PBXGroup;
			children = (
				E1BAD1182CA107DB007A6595 /* NewsReaderView.swift */,
			);
			path = "News Description";
			sourceTree = "<group>";
		};
		E1BAD1202CA10E53007A6595 /* Slider */ = {
			isa = PBXGroup;
			children = (
				E1BAD11C2CA10E53007A6595 /* RectPreference.swift */,
				E1BAD11D2CA10E53007A6595 /* SegmentedControlView.swift */,
				E1BAD11E2CA10E53007A6595 /* SliderMethod.swift */,
				E1BAD11F2CA10E53007A6595 /* UnderlineModifier.swift */,
			);
			path = Slider;
			sourceTree = "<group>";
		};
		E1BAD12D2CA1161C007A6595 /* Network */ = {
			isa = PBXGroup;
			children = (
				E1BAD12E2CA1162F007A6595 /* EndpointProtocol.swift */,
				E1BAD1322CA1168A007A6595 /* NewsFeedEndpoint.swift */,
				E1BAD1362CA11854007A6595 /* Network.swift */,
				E1BAD13E2CA11ABB007A6595 /* APIResponse.swift */,
				E1BAD13A2CA11885007A6595 /* Constants.swift */,
			);
			path = Network;
			sourceTree = "<group>";
		};
		E1BAD1562CA1602F007A6595 /* WebView */ = {
			isa = PBXGroup;
			children = (
				E1BAD1572CA16043007A6595 /* SafariView.swift */,
			);
			path = WebView;
			sourceTree = "<group>";
		};
		E1CD0F902CA172D000B69C05 /* Bookmark Article View */ = {
			isa = PBXGroup;
			children = (
				E1CD0F912CA172F300B69C05 /* BookmarkArticlesView.swift */,
				E1CD0F952CA1735F00B69C05 /* BookmarkArticle.swift */,
			);
			path = "Bookmark Article View";
			sourceTree = "<group>";
		};
		E1CD0FA42CA1CD2D00B69C05 /* Frameworks */ = {
			isa = PBXGroup;
			children = (
			);
			name = Frameworks;
			sourceTree = "<group>";
		};
/* End PBXGroup section */

/* Begin PBXNativeTarget section */
		E17A54872CA0FA6B00C62762 /* NewsReader */ = {
			isa = PBXNativeTarget;
			buildConfigurationList = E17A54AE2CA0FA6E00C62762 /* Build configuration list for PBXNativeTarget "NewsReader" */;
			buildPhases = (
				E17A54842CA0FA6B00C62762 /* Sources */,
				E17A54852CA0FA6B00C62762 /* Frameworks */,
				E17A54862CA0FA6B00C62762 /* Resources */,
			);
			buildRules = (
			);
			dependencies = (
			);
			name = NewsReader;
			packageProductDependencies = (
				E1CD0F9E2CA1B1F100B69C05 /* AlertToast */,
			);
			productName = NewsReader;
			productReference = E17A54882CA0FA6B00C62762 /* NewsReader.app */;
			productType = "com.apple.product-type.application";
		};
		E17A54992CA0FA6E00C62762 /* NewsReaderTests */ = {
			isa = PBXNativeTarget;
			buildConfigurationList = E17A54B12CA0FA6E00C62762 /* Build configuration list for PBXNativeTarget "NewsReaderTests" */;
			buildPhases = (
				E17A54962CA0FA6E00C62762 /* Sources */,
				E17A54972CA0FA6E00C62762 /* Frameworks */,
				E17A54982CA0FA6E00C62762 /* Resources */,
			);
			buildRules = (
			);
			dependencies = (
				E17A549C2CA0FA6E00C62762 /* PBXTargetDependency */,
			);
			name = NewsReaderTests;
			packageProductDependencies = (
				E1CD0FA52CA1CD2D00B69C05 /* AlertToast */,
			);
			productName = NewsReaderTests;
			productReference = E17A549A2CA0FA6E00C62762 /* NewsReaderTests.xctest */;
			productType = "com.apple.product-type.bundle.unit-test";
		};
		E17A54A32CA0FA6E00C62762 /* NewsReaderUITests */ = {
			isa = PBXNativeTarget;
			buildConfigurationList = E17A54B42CA0FA6E00C62762 /* Build configuration list for PBXNativeTarget "NewsReaderUITests" */;
			buildPhases = (
				E17A54A02CA0FA6E00C62762 /* Sources */,
				E17A54A12CA0FA6E00C62762 /* Frameworks */,
				E17A54A22CA0FA6E00C62762 /* Resources */,
			);
			buildRules = (
			);
			dependencies = (
				E17A54A62CA0FA6E00C62762 /* PBXTargetDependency */,
			);
			name = NewsReaderUITests;
			packageProductDependencies = (
				E1CD0FA72CA1CD3300B69C05 /* AlertToast */,
			);
			productName = NewsReaderUITests;
			productReference = E17A54A42CA0FA6E00C62762 /* NewsReaderUITests.xctest */;
			productType = "com.apple.product-type.bundle.ui-testing";
		};
/* End PBXNativeTarget section */

/* Begin PBXProject section */
		E17A54802CA0FA6B00C62762 /* Project object */ = {
			isa = PBXProject;
			attributes = {
				BuildIndependentTargetsInParallel = 1;
				LastSwiftUpdateCheck = 1540;
				LastUpgradeCheck = 1540;
				TargetAttributes = {
					E17A54872CA0FA6B00C62762 = {
						CreatedOnToolsVersion = 15.4;
					};
					E17A54992CA0FA6E00C62762 = {
						CreatedOnToolsVersion = 15.4;
						TestTargetID = E17A54872CA0FA6B00C62762;
					};
					E17A54A32CA0FA6E00C62762 = {
						CreatedOnToolsVersion = 15.4;
						TestTargetID = E17A54872CA0FA6B00C62762;
					};
				};
			};
			buildConfigurationList = E17A54832CA0FA6B00C62762 /* Build configuration list for PBXProject "NewsReader" */;
			compatibilityVersion = "Xcode 14.0";
			developmentRegion = en;
			hasScannedForEncodings = 0;
			knownRegions = (
				en,
				Base,
			);
			mainGroup = E17A547F2CA0FA6B00C62762;
			packageReferences = (
				E1CD0F9D2CA1B1F100B69C05 /* XCRemoteSwiftPackageReference "AlertToast" */,
			);
			productRefGroup = E17A54892CA0FA6B00C62762 /* Products */;
			projectDirPath = "";
			projectRoot = "";
			targets = (
				E17A54872CA0FA6B00C62762 /* NewsReader */,
				E17A54992CA0FA6E00C62762 /* NewsReaderTests */,
				E17A54A32CA0FA6E00C62762 /* NewsReaderUITests */,
			);
		};
/* End PBXProject section */

/* Begin PBXResourcesBuildPhase section */
		E17A54862CA0FA6B00C62762 /* Resources */ = {
			isa = PBXResourcesBuildPhase;
			buildActionMask = 2147483647;
			files = (
				E182DBA82CA2B35F0044A051 /* NewsFeed.png in Resources */,
				E182DBA62CA2B35F0044A051 /* BookmarkDetail.png in Resources */,
				E19FC86E2CA2CD75002DD3E3 /* Design Pattern MVVM.png in Resources */,
				E1BAD14F2CA150DB007A6595 /* Sample.json in Resources */,
				E182DBA52CA2B35F0044A051 /* Bookmark.png in Resources */,
				E182DBA72CA2B35F0044A051 /* NewsDetail.png in Resources */,
				E17A54952CA0FA6D00C62762 /* Preview Assets.xcassets in Resources */,
				E103B7BE2CA3F810007BCB25 /* News Reader App UML.png in Resources */,
				E17A54922CA0FA6D00C62762 /* Assets.xcassets in Resources */,
				E1BAD10F2CA0FEED007A6595 /* Localizable.xcstrings in Resources */,
				E182DBA92CA2B35F0044A051 /* Safari.png in Resources */,
			);
			runOnlyForDeploymentPostprocessing = 0;
		};
		E17A54982CA0FA6E00C62762 /* Resources */ = {
			isa = PBXResourcesBuildPhase;
			buildActionMask = 2147483647;
			files = (
				E1BAD1502CA150DB007A6595 /* Sample.json in Resources */,
				E1BAD1102CA0FEED007A6595 /* Localizable.xcstrings in Resources */,
				E103B7BF2CA3F810007BCB25 /* News Reader App UML.png in Resources */,
			);
			runOnlyForDeploymentPostprocessing = 0;
		};
		E17A54A22CA0FA6E00C62762 /* Resources */ = {
			isa = PBXResourcesBuildPhase;
			buildActionMask = 2147483647;
			files = (
				E1BAD1512CA150DB007A6595 /* Sample.json in Resources */,
				E1BAD1112CA0FEED007A6595 /* Localizable.xcstrings in Resources */,
				E103B7C02CA3F810007BCB25 /* News Reader App UML.png in Resources */,
			);
			runOnlyForDeploymentPostprocessing = 0;
		};
/* End PBXResourcesBuildPhase section */

/* Begin PBXSourcesBuildPhase section */
		E17A54842CA0FA6B00C62762 /* Sources */ = {
			isa = PBXSourcesBuildPhase;
			buildActionMask = 2147483647;
			files = (
				E1BAD12F2CA1162F007A6595 /* EndpointProtocol.swift in Sources */,
				E1BAD1242CA10E53007A6595 /* SegmentedControlView.swift in Sources */,
				E1CD0F9A2CA19AF100B69C05 /* NewsFeedCell.swift in Sources */,
				E1BAD1332CA1168A007A6595 /* NewsFeedEndpoint.swift in Sources */,
				E1BAD1582CA16043007A6595 /* SafariView.swift in Sources */,
				E17A54BC2CA0FCA200C62762 /* NewsFeedView.swift in Sources */,
				E1BAD13F2CA11ABB007A6595 /* APIResponse.swift in Sources */,
				E1BAD1472CA144F4007A6595 /* NewsFeed.swift in Sources */,
				E1BAD13B2CA11885007A6595 /* Constants.swift in Sources */,
				E1CD0FA12CA1B34200B69C05 /* View+Extension.swift in Sources */,
				E1BAD1432CA11B58007A6595 /* String+Extension.swift in Sources */,
				E1BAD1532CA15DC8007A6595 /* Button+Extension.swift in Sources */,
				E17A54B82CA0FAD800C62762 /* TabBarView.swift in Sources */,
				E1BAD1212CA10E53007A6595 /* RectPreference.swift in Sources */,
				E1CD0F962CA1735F00B69C05 /* BookmarkArticle.swift in Sources */,
				E1BAD1192CA107DB007A6595 /* NewsReaderView.swift in Sources */,
				E1BAD1272CA10E53007A6595 /* SliderMethod.swift in Sources */,
				E1CD0F922CA172F300B69C05 /* BookmarkArticlesView.swift in Sources */,
				E17A548C2CA0FA6B00C62762 /* NewsReaderApp.swift in Sources */,
				E1BAD12A2CA10E53007A6595 /* UnderlineModifier.swift in Sources */,
				E1BAD1372CA11854007A6595 /* Network.swift in Sources */,
				E1BAD1142CA1028D007A6595 /* Date+Extension.swift in Sources */,
			);
			runOnlyForDeploymentPostprocessing = 0;
		};
		E17A54962CA0FA6E00C62762 /* Sources */ = {
			isa = PBXSourcesBuildPhase;
			buildActionMask = 2147483647;
			files = (
				E1BAD1252CA10E53007A6595 /* SegmentedControlView.swift in Sources */,
				E1CD0F932CA172F300B69C05 /* BookmarkArticlesView.swift in Sources */,
				E1BAD1282CA10E53007A6595 /* SliderMethod.swift in Sources */,
				E1BAD1382CA11854007A6595 /* Network.swift in Sources */,
				E1BAD1302CA1162F007A6595 /* EndpointProtocol.swift in Sources */,
				E1BAD1222CA10E53007A6595 /* RectPreference.swift in Sources */,
				E17A54BD2CA0FCA200C62762 /* NewsFeedView.swift in Sources */,
				E1BAD1152CA1028D007A6595 /* Date+Extension.swift in Sources */,
				E1BAD1402CA11ABB007A6595 /* APIResponse.swift in Sources */,
				E1BAD13C2CA11885007A6595 /* Constants.swift in Sources */,
				E1BAD12B2CA10E53007A6595 /* UnderlineModifier.swift in Sources */,
				E1CD0F9B2CA19AF100B69C05 /* NewsFeedCell.swift in Sources */,
				E1BAD1592CA16043007A6595 /* SafariView.swift in Sources */,
				E1BAD1482CA144F4007A6595 /* NewsFeed.swift in Sources */,
				E1BAD1542CA15DC8007A6595 /* Button+Extension.swift in Sources */,
				E1CD0F972CA1735F00B69C05 /* BookmarkArticle.swift in Sources */,
				E1BAD1342CA1168A007A6595 /* NewsFeedEndpoint.swift in Sources */,
				E1BAD11A2CA107DB007A6595 /* NewsReaderView.swift in Sources */,
				E1CD0FA22CA1B34200B69C05 /* View+Extension.swift in Sources */,
				E17A54B92CA0FAD800C62762 /* TabBarView.swift in Sources */,
				E1BAD1442CA11B58007A6595 /* String+Extension.swift in Sources */,
				E17A549F2CA0FA6E00C62762 /* NewsReaderTests.swift in Sources */,
			);
			runOnlyForDeploymentPostprocessing = 0;
		};
		E17A54A02CA0FA6E00C62762 /* Sources */ = {
			isa = PBXSourcesBuildPhase;
			buildActionMask = 2147483647;
			files = (
				E1BAD1452CA11B58007A6595 /* String+Extension.swift in Sources */,
				E1CD0F982CA1735F00B69C05 /* BookmarkArticle.swift in Sources */,
				E1CD0F942CA172F300B69C05 /* BookmarkArticlesView.swift in Sources */,
				E1BAD1392CA11854007A6595 /* Network.swift in Sources */,
				E1BAD11B2CA107DB007A6595 /* NewsReaderView.swift in Sources */,
				E1BAD1492CA144F4007A6595 /* NewsFeed.swift in Sources */,
				E1BAD12C2CA10E53007A6595 /* UnderlineModifier.swift in Sources */,
				E1BAD1162CA1028D007A6595 /* Date+Extension.swift in Sources */,
				E1BAD1292CA10E53007A6595 /* SliderMethod.swift in Sources */,
				E17A54AB2CA0FA6E00C62762 /* NewsReaderUITestsLaunchTests.swift in Sources */,
				E1BAD1232CA10E53007A6595 /* RectPreference.swift in Sources */,
				E1BAD1312CA1162F007A6595 /* EndpointProtocol.swift in Sources */,
				E1BAD1412CA11ABB007A6595 /* APIResponse.swift in Sources */,
				E1BAD1352CA1168A007A6595 /* NewsFeedEndpoint.swift in Sources */,
				E1BAD15A2CA16043007A6595 /* SafariView.swift in Sources */,
				E17A54BE2CA0FCA200C62762 /* NewsFeedView.swift in Sources */,
				E1BAD1262CA10E53007A6595 /* SegmentedControlView.swift in Sources */,
				E1BAD13D2CA11885007A6595 /* Constants.swift in Sources */,
				E17A54BA2CA0FAD800C62762 /* TabBarView.swift in Sources */,
				E17A54A92CA0FA6E00C62762 /* NewsReaderUITests.swift in Sources */,
				E1CD0F9C2CA19AF100B69C05 /* NewsFeedCell.swift in Sources */,
				E1BAD1552CA15DC8007A6595 /* Button+Extension.swift in Sources */,
				E1CD0FA32CA1B34200B69C05 /* View+Extension.swift in Sources */,
			);
			runOnlyForDeploymentPostprocessing = 0;
		};
/* End PBXSourcesBuildPhase section */

/* Begin PBXTargetDependency section */
		E17A549C2CA0FA6E00C62762 /* PBXTargetDependency */ = {
			isa = PBXTargetDependency;
			target = E17A54872CA0FA6B00C62762 /* NewsReader */;
			targetProxy = E17A549B2CA0FA6E00C62762 /* PBXContainerItemProxy */;
		};
		E17A54A62CA0FA6E00C62762 /* PBXTargetDependency */ = {
			isa = PBXTargetDependency;
			target = E17A54872CA0FA6B00C62762 /* NewsReader */;
			targetProxy = E17A54A52CA0FA6E00C62762 /* PBXContainerItemProxy */;
		};
/* End PBXTargetDependency section */

/* Begin XCBuildConfiguration section */
		E17A54AC2CA0FA6E00C62762 /* Debug */ = {
			isa = XCBuildConfiguration;
			buildSettings = {
				ALWAYS_SEARCH_USER_PATHS = NO;
				ASSETCATALOG_COMPILER_GENERATE_SWIFT_ASSET_SYMBOL_EXTENSIONS = YES;
				CLANG_ANALYZER_NONNULL = YES;
				CLANG_ANALYZER_NUMBER_OBJECT_CONVERSION = YES_AGGRESSIVE;
				CLANG_CXX_LANGUAGE_STANDARD = "gnu++20";
				CLANG_ENABLE_MODULES = YES;
				CLANG_ENABLE_OBJC_ARC = YES;
				CLANG_ENABLE_OBJC_WEAK = YES;
				CLANG_WARN_BLOCK_CAPTURE_AUTORELEASING = YES;
				CLANG_WARN_BOOL_CONVERSION = YES;
				CLANG_WARN_COMMA = YES;
				CLANG_WARN_CONSTANT_CONVERSION = YES;
				CLANG_WARN_DEPRECATED_OBJC_IMPLEMENTATIONS = YES;
				CLANG_WARN_DIRECT_OBJC_ISA_USAGE = YES_ERROR;
				CLANG_WARN_DOCUMENTATION_COMMENTS = YES;
				CLANG_WARN_EMPTY_BODY = YES;
				CLANG_WARN_ENUM_CONVERSION = YES;
				CLANG_WARN_INFINITE_RECURSION = YES;
				CLANG_WARN_INT_CONVERSION = YES;
				CLANG_WARN_NON_LITERAL_NULL_CONVERSION = YES;
				CLANG_WARN_OBJC_IMPLICIT_RETAIN_SELF = YES;
				CLANG_WARN_OBJC_LITERAL_CONVERSION = YES;
				CLANG_WARN_OBJC_ROOT_CLASS = YES_ERROR;
				CLANG_WARN_QUOTED_INCLUDE_IN_FRAMEWORK_HEADER = YES;
				CLANG_WARN_RANGE_LOOP_ANALYSIS = YES;
				CLANG_WARN_STRICT_PROTOTYPES = YES;
				CLANG_WARN_SUSPICIOUS_MOVE = YES;
				CLANG_WARN_UNGUARDED_AVAILABILITY = YES_AGGRESSIVE;
				CLANG_WARN_UNREACHABLE_CODE = YES;
				CLANG_WARN__DUPLICATE_METHOD_MATCH = YES;
				COPY_PHASE_STRIP = NO;
				DEBUG_INFORMATION_FORMAT = dwarf;
				ENABLE_STRICT_OBJC_MSGSEND = YES;
				ENABLE_TESTABILITY = YES;
				ENABLE_USER_SCRIPT_SANDBOXING = YES;
				GCC_C_LANGUAGE_STANDARD = gnu17;
				GCC_DYNAMIC_NO_PIC = NO;
				GCC_NO_COMMON_BLOCKS = YES;
				GCC_OPTIMIZATION_LEVEL = 0;
				GCC_PREPROCESSOR_DEFINITIONS = (
					"DEBUG=1",
					"$(inherited)",
				);
				GCC_WARN_64_TO_32_BIT_CONVERSION = YES;
				GCC_WARN_ABOUT_RETURN_TYPE = YES_ERROR;
				GCC_WARN_UNDECLARED_SELECTOR = YES;
				GCC_WARN_UNINITIALIZED_AUTOS = YES_AGGRESSIVE;
				GCC_WARN_UNUSED_FUNCTION = YES;
				GCC_WARN_UNUSED_VARIABLE = YES;
				IPHONEOS_DEPLOYMENT_TARGET = 17.5;
				LOCALIZATION_PREFERS_STRING_CATALOGS = YES;
				MTL_ENABLE_DEBUG_INFO = INCLUDE_SOURCE;
				MTL_FAST_MATH = YES;
				ONLY_ACTIVE_ARCH = YES;
				SDKROOT = iphoneos;
				SWIFT_ACTIVE_COMPILATION_CONDITIONS = "DEBUG $(inherited)";
				SWIFT_OPTIMIZATION_LEVEL = "-Onone";
			};
			name = Debug;
		};
		E17A54AD2CA0FA6E00C62762 /* Release */ = {
			isa = XCBuildConfiguration;
			buildSettings = {
				ALWAYS_SEARCH_USER_PATHS = NO;
				ASSETCATALOG_COMPILER_GENERATE_SWIFT_ASSET_SYMBOL_EXTENSIONS = YES;
				CLANG_ANALYZER_NONNULL = YES;
				CLANG_ANALYZER_NUMBER_OBJECT_CONVERSION = YES_AGGRESSIVE;
				CLANG_CXX_LANGUAGE_STANDARD = "gnu++20";
				CLANG_ENABLE_MODULES = YES;
				CLANG_ENABLE_OBJC_ARC = YES;
				CLANG_ENABLE_OBJC_WEAK = YES;
				CLANG_WARN_BLOCK_CAPTURE_AUTORELEASING = YES;
				CLANG_WARN_BOOL_CONVERSION = YES;
				CLANG_WARN_COMMA = YES;
				CLANG_WARN_CONSTANT_CONVERSION = YES;
				CLANG_WARN_DEPRECATED_OBJC_IMPLEMENTATIONS = YES;
				CLANG_WARN_DIRECT_OBJC_ISA_USAGE = YES_ERROR;
				CLANG_WARN_DOCUMENTATION_COMMENTS = YES;
				CLANG_WARN_EMPTY_BODY = YES;
				CLANG_WARN_ENUM_CONVERSION = YES;
				CLANG_WARN_INFINITE_RECURSION = YES;
				CLANG_WARN_INT_CONVERSION = YES;
				CLANG_WARN_NON_LITERAL_NULL_CONVERSION = YES;
				CLANG_WARN_OBJC_IMPLICIT_RETAIN_SELF = YES;
				CLANG_WARN_OBJC_LITERAL_CONVERSION = YES;
				CLANG_WARN_OBJC_ROOT_CLASS = YES_ERROR;
				CLANG_WARN_QUOTED_INCLUDE_IN_FRAMEWORK_HEADER = YES;
				CLANG_WARN_RANGE_LOOP_ANALYSIS = YES;
				CLANG_WARN_STRICT_PROTOTYPES = YES;
				CLANG_WARN_SUSPICIOUS_MOVE = YES;
				CLANG_WARN_UNGUARDED_AVAILABILITY = YES_AGGRESSIVE;
				CLANG_WARN_UNREACHABLE_CODE = YES;
				CLANG_WARN__DUPLICATE_METHOD_MATCH = YES;
				COPY_PHASE_STRIP = NO;
				DEBUG_INFORMATION_FORMAT = "dwarf-with-dsym";
				ENABLE_NS_ASSERTIONS = NO;
				ENABLE_STRICT_OBJC_MSGSEND = YES;
				ENABLE_USER_SCRIPT_SANDBOXING = YES;
				GCC_C_LANGUAGE_STANDARD = gnu17;
				GCC_NO_COMMON_BLOCKS = YES;
				GCC_WARN_64_TO_32_BIT_CONVERSION = YES;
				GCC_WARN_ABOUT_RETURN_TYPE = YES_ERROR;
				GCC_WARN_UNDECLARED_SELECTOR = YES;
				GCC_WARN_UNINITIALIZED_AUTOS = YES_AGGRESSIVE;
				GCC_WARN_UNUSED_FUNCTION = YES;
				GCC_WARN_UNUSED_VARIABLE = YES;
				IPHONEOS_DEPLOYMENT_TARGET = 17.5;
				LOCALIZATION_PREFERS_STRING_CATALOGS = YES;
				MTL_ENABLE_DEBUG_INFO = NO;
				MTL_FAST_MATH = YES;
				SDKROOT = iphoneos;
				SWIFT_COMPILATION_MODE = wholemodule;
				VALIDATE_PRODUCT = YES;
			};
			name = Release;
		};
		E17A54AF2CA0FA6E00C62762 /* Debug */ = {
			isa = XCBuildConfiguration;
			buildSettings = {
				ASSETCATALOG_COMPILER_APPICON_NAME = AppIcon;
				ASSETCATALOG_COMPILER_GLOBAL_ACCENT_COLOR_NAME = AccentColor;
				CODE_SIGN_STYLE = Automatic;
				CURRENT_PROJECT_VERSION = 1;
				DEVELOPMENT_ASSET_PATHS = "\"NewsReader/Preview Content\"";
				ENABLE_PREVIEWS = YES;
				GENERATE_INFOPLIST_FILE = YES;
				INFOPLIST_KEY_UIApplicationSceneManifest_Generation = YES;
				INFOPLIST_KEY_UIApplicationSupportsIndirectInputEvents = YES;
				INFOPLIST_KEY_UILaunchScreen_Generation = YES;
				INFOPLIST_KEY_UISupportedInterfaceOrientations_iPad = "UIInterfaceOrientationPortrait UIInterfaceOrientationPortraitUpsideDown UIInterfaceOrientationLandscapeLeft UIInterfaceOrientationLandscapeRight";
				INFOPLIST_KEY_UISupportedInterfaceOrientations_iPhone = "UIInterfaceOrientationPortrait UIInterfaceOrientationLandscapeLeft UIInterfaceOrientationLandscapeRight";
				LD_RUNPATH_SEARCH_PATHS = (
					"$(inherited)",
					"@executable_path/Frameworks",
				);
				MARKETING_VERSION = 1.0;
				PRODUCT_BUNDLE_IDENTIFIER = com.Husqvarna.NewsReader;
				PRODUCT_NAME = "$(TARGET_NAME)";
				SWIFT_EMIT_LOC_STRINGS = YES;
				SWIFT_VERSION = 5.0;
				TARGETED_DEVICE_FAMILY = "1,2";
			};
			name = Debug;
		};
		E17A54B02CA0FA6E00C62762 /* Release */ = {
			isa = XCBuildConfiguration;
			buildSettings = {
				ASSETCATALOG_COMPILER_APPICON_NAME = AppIcon;
				ASSETCATALOG_COMPILER_GLOBAL_ACCENT_COLOR_NAME = AccentColor;
				CODE_SIGN_STYLE = Automatic;
				CURRENT_PROJECT_VERSION = 1;
				DEVELOPMENT_ASSET_PATHS = "\"NewsReader/Preview Content\"";
				ENABLE_PREVIEWS = YES;
				GENERATE_INFOPLIST_FILE = YES;
				INFOPLIST_KEY_UIApplicationSceneManifest_Generation = YES;
				INFOPLIST_KEY_UIApplicationSupportsIndirectInputEvents = YES;
				INFOPLIST_KEY_UILaunchScreen_Generation = YES;
				INFOPLIST_KEY_UISupportedInterfaceOrientations_iPad = "UIInterfaceOrientationPortrait UIInterfaceOrientationPortraitUpsideDown UIInterfaceOrientationLandscapeLeft UIInterfaceOrientationLandscapeRight";
				INFOPLIST_KEY_UISupportedInterfaceOrientations_iPhone = "UIInterfaceOrientationPortrait UIInterfaceOrientationLandscapeLeft UIInterfaceOrientationLandscapeRight";
				LD_RUNPATH_SEARCH_PATHS = (
					"$(inherited)",
					"@executable_path/Frameworks",
				);
				MARKETING_VERSION = 1.0;
				PRODUCT_BUNDLE_IDENTIFIER = com.Husqvarna.NewsReader;
				PRODUCT_NAME = "$(TARGET_NAME)";
				SWIFT_EMIT_LOC_STRINGS = YES;
				SWIFT_VERSION = 5.0;
				TARGETED_DEVICE_FAMILY = "1,2";
			};
			name = Release;
		};
		E17A54B22CA0FA6E00C62762 /* Debug */ = {
			isa = XCBuildConfiguration;
			buildSettings = {
				ALWAYS_EMBED_SWIFT_STANDARD_LIBRARIES = YES;
				BUNDLE_LOADER = "$(TEST_HOST)";
				CODE_SIGN_STYLE = Automatic;
				CURRENT_PROJECT_VERSION = 1;
				GENERATE_INFOPLIST_FILE = YES;
				IPHONEOS_DEPLOYMENT_TARGET = 17.5;
				MARKETING_VERSION = 1.0;
				PRODUCT_BUNDLE_IDENTIFIER = com.Husqvarna.NewsReaderTests;
				PRODUCT_NAME = "$(TARGET_NAME)";
				SWIFT_EMIT_LOC_STRINGS = NO;
				SWIFT_VERSION = 5.0;
				TARGETED_DEVICE_FAMILY = "1,2";
				TEST_HOST = "$(BUILT_PRODUCTS_DIR)/NewsReader.app/$(BUNDLE_EXECUTABLE_FOLDER_PATH)/NewsReader";
			};
			name = Debug;
		};
		E17A54B32CA0FA6E00C62762 /* Release */ = {
			isa = XCBuildConfiguration;
			buildSettings = {
				ALWAYS_EMBED_SWIFT_STANDARD_LIBRARIES = YES;
				BUNDLE_LOADER = "$(TEST_HOST)";
				CODE_SIGN_STYLE = Automatic;
				CURRENT_PROJECT_VERSION = 1;
				GENERATE_INFOPLIST_FILE = YES;
				IPHONEOS_DEPLOYMENT_TARGET = 17.5;
				MARKETING_VERSION = 1.0;
				PRODUCT_BUNDLE_IDENTIFIER = com.Husqvarna.NewsReaderTests;
				PRODUCT_NAME = "$(TARGET_NAME)";
				SWIFT_EMIT_LOC_STRINGS = NO;
				SWIFT_VERSION = 5.0;
				TARGETED_DEVICE_FAMILY = "1,2";
				TEST_HOST = "$(BUILT_PRODUCTS_DIR)/NewsReader.app/$(BUNDLE_EXECUTABLE_FOLDER_PATH)/NewsReader";
			};
			name = Release;
		};
		E17A54B52CA0FA6E00C62762 /* Debug */ = {
			isa = XCBuildConfiguration;
			buildSettings = {
				ALWAYS_EMBED_SWIFT_STANDARD_LIBRARIES = YES;
				CODE_SIGN_STYLE = Automatic;
				CURRENT_PROJECT_VERSION = 1;
				GENERATE_INFOPLIST_FILE = YES;
				MARKETING_VERSION = 1.0;
				PRODUCT_BUNDLE_IDENTIFIER = com.Husqvarna.NewsReaderUITests;
				PRODUCT_NAME = "$(TARGET_NAME)";
				SWIFT_EMIT_LOC_STRINGS = NO;
				SWIFT_VERSION = 5.0;
				TARGETED_DEVICE_FAMILY = "1,2";
				TEST_TARGET_NAME = NewsReader;
			};
			name = Debug;
		};
		E17A54B62CA0FA6E00C62762 /* Release */ = {
			isa = XCBuildConfiguration;
			buildSettings = {
				ALWAYS_EMBED_SWIFT_STANDARD_LIBRARIES = YES;
				CODE_SIGN_STYLE = Automatic;
				CURRENT_PROJECT_VERSION = 1;
				GENERATE_INFOPLIST_FILE = YES;
				MARKETING_VERSION = 1.0;
				PRODUCT_BUNDLE_IDENTIFIER = com.Husqvarna.NewsReaderUITests;
				PRODUCT_NAME = "$(TARGET_NAME)";
				SWIFT_EMIT_LOC_STRINGS = NO;
				SWIFT_VERSION = 5.0;
				TARGETED_DEVICE_FAMILY = "1,2";
				TEST_TARGET_NAME = NewsReader;
			};
			name = Release;
		};
/* End XCBuildConfiguration section */

/* Begin XCConfigurationList section */
		E17A54832CA0FA6B00C62762 /* Build configuration list for PBXProject "NewsReader" */ = {
			isa = XCConfigurationList;
			buildConfigurations = (
				E17A54AC2CA0FA6E00C62762 /* Debug */,
				E17A54AD2CA0FA6E00C62762 /* Release */,
			);
			defaultConfigurationIsVisible = 0;
			defaultConfigurationName = Release;
		};
		E17A54AE2CA0FA6E00C62762 /* Build configuration list for PBXNativeTarget "NewsReader" */ = {
			isa = XCConfigurationList;
			buildConfigurations = (
				E17A54AF2CA0FA6E00C62762 /* Debug */,
				E17A54B02CA0FA6E00C62762 /* Release */,
			);
			defaultConfigurationIsVisible = 0;
			defaultConfigurationName = Release;
		};
		E17A54B12CA0FA6E00C62762 /* Build configuration list for PBXNativeTarget "NewsReaderTests" */ = {
			isa = XCConfigurationList;
			buildConfigurations = (
				E17A54B22CA0FA6E00C62762 /* Debug */,
				E17A54B32CA0FA6E00C62762 /* Release */,
			);
			defaultConfigurationIsVisible = 0;
			defaultConfigurationName = Release;
		};
		E17A54B42CA0FA6E00C62762 /* Build configuration list for PBXNativeTarget "NewsReaderUITests" */ = {
			isa = XCConfigurationList;
			buildConfigurations = (
				E17A54B52CA0FA6E00C62762 /* Debug */,
				E17A54B62CA0FA6E00C62762 /* Release */,
			);
			defaultConfigurationIsVisible = 0;
			defaultConfigurationName = Release;
		};
/* End XCConfigurationList section */

/* Begin XCRemoteSwiftPackageReference section */
		E1CD0F9D2CA1B1F100B69C05 /* XCRemoteSwiftPackageReference "AlertToast" */ = {
			isa = XCRemoteSwiftPackageReference;
			repositoryURL = "https://github.com/elai950/AlertToast.git";
			requirement = {
				kind = upToNextMajorVersion;
				minimumVersion = 1.3.9;
			};
		};
/* End XCRemoteSwiftPackageReference section */

/* Begin XCSwiftPackageProductDependency section */
		E1CD0F9E2CA1B1F100B69C05 /* AlertToast */ = {
			isa = XCSwiftPackageProductDependency;
			package = E1CD0F9D2CA1B1F100B69C05 /* XCRemoteSwiftPackageReference "AlertToast" */;
			productName = AlertToast;
		};
		E1CD0FA52CA1CD2D00B69C05 /* AlertToast */ = {
			isa = XCSwiftPackageProductDependency;
			package = E1CD0F9D2CA1B1F100B69C05 /* XCRemoteSwiftPackageReference "AlertToast" */;
			productName = AlertToast;
		};
		E1CD0FA72CA1CD3300B69C05 /* AlertToast */ = {
			isa = XCSwiftPackageProductDependency;
			package = E1CD0F9D2CA1B1F100B69C05 /* XCRemoteSwiftPackageReference "AlertToast" */;
			productName = AlertToast;
		};
/* End XCSwiftPackageProductDependency section */
	};
	rootObject = E17A54802CA0FA6B00C62762 /* Project object */;
}
